# THIS IS AN AUTOGENERATED FILE. DO NOT EDIT THIS FILE DIRECTLY.
# yarn lockfile v1


"@ethersproject/abi@5.5.0", "@ethersproject/abi@^5.5.0":
  version "5.5.0"
  resolved "https://registry.npmmirror.com/@ethersproject/abi/download/@ethersproject/abi-5.5.0.tgz"
  integrity sha1-+1KCDiLlC4VP8VzhZHzFCNZmBhM=
  dependencies:
    "@ethersproject/address" "^5.5.0"
    "@ethersproject/bignumber" "^5.5.0"
    "@ethersproject/bytes" "^5.5.0"
    "@ethersproject/constants" "^5.5.0"
    "@ethersproject/hash" "^5.5.0"
    "@ethersproject/keccak256" "^5.5.0"
    "@ethersproject/logger" "^5.5.0"
    "@ethersproject/properties" "^5.5.0"
    "@ethersproject/strings" "^5.5.0"

"@ethersproject/abstract-provider@5.5.1", "@ethersproject/abstract-provider@^5.5.0":
  version "5.5.1"
  resolved "https://registry.npmmirror.com/@ethersproject/abstract-provider/download/@ethersproject/abstract-provider-5.5.1.tgz"
  integrity sha1-Lx9uijq303jYrQtXGEYPhWSXEMU=
  dependencies:
    "@ethersproject/bignumber" "^5.5.0"
    "@ethersproject/bytes" "^5.5.0"
    "@ethersproject/logger" "^5.5.0"
    "@ethersproject/networks" "^5.5.0"
    "@ethersproject/properties" "^5.5.0"
    "@ethersproject/transactions" "^5.5.0"
    "@ethersproject/web" "^5.5.0"

"@ethersproject/abstract-signer@5.5.0", "@ethersproject/abstract-signer@^5.5.0":
  version "5.5.0"
  resolved "https://registry.npmmirror.com/@ethersproject/abstract-signer/download/@ethersproject/abstract-signer-5.5.0.tgz"
  integrity sha1-WQ/2aTNwxgrjdr8cetpZ6yqN0I0=
  dependencies:
    "@ethersproject/abstract-provider" "^5.5.0"
    "@ethersproject/bignumber" "^5.5.0"
    "@ethersproject/bytes" "^5.5.0"
    "@ethersproject/logger" "^5.5.0"
    "@ethersproject/properties" "^5.5.0"

"@ethersproject/address@5.5.0", "@ethersproject/address@^5.5.0":
  version "5.5.0"
  resolved "https://registry.npmmirror.com/@ethersproject/address/download/@ethersproject/address-5.5.0.tgz"
  integrity sha1-vMb1dqVT8h8917oXJI+BtHPJx48=
  dependencies:
    "@ethersproject/bignumber" "^5.5.0"
    "@ethersproject/bytes" "^5.5.0"
    "@ethersproject/keccak256" "^5.5.0"
    "@ethersproject/logger" "^5.5.0"
    "@ethersproject/rlp" "^5.5.0"

"@ethersproject/base64@5.5.0", "@ethersproject/base64@^5.5.0":
  version "5.5.0"
  resolved "https://registry.npmmirror.com/@ethersproject/base64/download/@ethersproject/base64-5.5.0.tgz"
  integrity sha1-iB6FROR+2XaTCDaYbl64+rJZwJA=
  dependencies:
    "@ethersproject/bytes" "^5.5.0"

"@ethersproject/basex@5.5.0", "@ethersproject/basex@^5.5.0":
  version "5.5.0"
  resolved "https://registry.npmmirror.com/@ethersproject/basex/download/@ethersproject/basex-5.5.0.tgz"
  integrity sha1-5ApTrm1rCatNl3vQNwENS+0htNM=
  dependencies:
    "@ethersproject/bytes" "^5.5.0"
    "@ethersproject/properties" "^5.5.0"

"@ethersproject/bignumber@5.5.0", "@ethersproject/bignumber@^5.5.0":
  version "5.5.0"
  resolved "https://registry.npmmirror.com/@ethersproject/bignumber/download/@ethersproject/bignumber-5.5.0.tgz"
  integrity sha1-h1sUPwSiFvT4uWJFvelC1C0nlSc=
  dependencies:
    "@ethersproject/bytes" "^5.5.0"
    "@ethersproject/logger" "^5.5.0"
    bn.js "^4.11.9"

"@ethersproject/bytes@5.5.0", "@ethersproject/bytes@^5.5.0":
  version "5.5.0"
  resolved "https://registry.npmmirror.com/@ethersproject/bytes/download/@ethersproject/bytes-5.5.0.tgz"
  integrity sha1-yxHFJt5lfntF0uDwJG+zudKaYBw=
  dependencies:
    "@ethersproject/logger" "^5.5.0"

"@ethersproject/constants@5.5.0", "@ethersproject/constants@^5.5.0":
  version "5.5.0"
  resolved "https://registry.npmmirror.com/@ethersproject/constants/download/@ethersproject/constants-5.5.0.tgz"
  integrity sha1-0qLNfZS9HVg3fR1mxPU8m+TQpF4=
  dependencies:
    "@ethersproject/bignumber" "^5.5.0"

"@ethersproject/contracts@5.5.0":
  version "5.5.0"
  resolved "https://registry.npmmirror.com/@ethersproject/contracts/download/@ethersproject/contracts-5.5.0.tgz"
  integrity sha1-tzUmDUvWEoOmcKgtUnXio4iSwZc=
  dependencies:
    "@ethersproject/abi" "^5.5.0"
    "@ethersproject/abstract-provider" "^5.5.0"
    "@ethersproject/abstract-signer" "^5.5.0"
    "@ethersproject/address" "^5.5.0"
    "@ethersproject/bignumber" "^5.5.0"
    "@ethersproject/bytes" "^5.5.0"
    "@ethersproject/constants" "^5.5.0"
    "@ethersproject/logger" "^5.5.0"
    "@ethersproject/properties" "^5.5.0"
    "@ethersproject/transactions" "^5.5.0"

"@ethersproject/hash@5.5.0", "@ethersproject/hash@^5.5.0":
  version "5.5.0"
  resolved "https://registry.npmmirror.com/@ethersproject/hash/download/@ethersproject/hash-5.5.0.tgz"
  integrity sha1-fO520I+I0Yc1dMhJ4CB9yzI4DMk=
  dependencies:
    "@ethersproject/abstract-signer" "^5.5.0"
    "@ethersproject/address" "^5.5.0"
    "@ethersproject/bignumber" "^5.5.0"
    "@ethersproject/bytes" "^5.5.0"
    "@ethersproject/keccak256" "^5.5.0"
    "@ethersproject/logger" "^5.5.0"
    "@ethersproject/properties" "^5.5.0"
    "@ethersproject/strings" "^5.5.0"

"@ethersproject/hdnode@5.5.0", "@ethersproject/hdnode@^5.5.0":
  version "5.5.0"
  resolved "https://registry.npmmirror.com/@ethersproject/hdnode/download/@ethersproject/hdnode-5.5.0.tgz"
  integrity sha1-SgTij0HFRvfJeFKOoVdSBqIA3fY=
  dependencies:
    "@ethersproject/abstract-signer" "^5.5.0"
    "@ethersproject/basex" "^5.5.0"
    "@ethersproject/bignumber" "^5.5.0"
    "@ethersproject/bytes" "^5.5.0"
    "@ethersproject/logger" "^5.5.0"
    "@ethersproject/pbkdf2" "^5.5.0"
    "@ethersproject/properties" "^5.5.0"
    "@ethersproject/sha2" "^5.5.0"
    "@ethersproject/signing-key" "^5.5.0"
    "@ethersproject/strings" "^5.5.0"
    "@ethersproject/transactions" "^5.5.0"
    "@ethersproject/wordlists" "^5.5.0"

"@ethersproject/json-wallets@5.5.0", "@ethersproject/json-wallets@^5.5.0":
  version "5.5.0"
  resolved "https://registry.npmmirror.com/@ethersproject/json-wallets/download/@ethersproject/json-wallets-5.5.0.tgz"
  integrity sha1-3VItQpfhW8zI4UJ9JH7IN2tg4yU=
  dependencies:
    "@ethersproject/abstract-signer" "^5.5.0"
    "@ethersproject/address" "^5.5.0"
    "@ethersproject/bytes" "^5.5.0"
    "@ethersproject/hdnode" "^5.5.0"
    "@ethersproject/keccak256" "^5.5.0"
    "@ethersproject/logger" "^5.5.0"
    "@ethersproject/pbkdf2" "^5.5.0"
    "@ethersproject/properties" "^5.5.0"
    "@ethersproject/random" "^5.5.0"
    "@ethersproject/strings" "^5.5.0"
    "@ethersproject/transactions" "^5.5.0"
    aes-js "3.0.0"
    scrypt-js "3.0.1"

"@ethersproject/keccak256@5.5.0", "@ethersproject/keccak256@^5.5.0":
  version "5.5.0"
  resolved "https://registry.npmmirror.com/@ethersproject/keccak256/download/@ethersproject/keccak256-5.5.0.tgz"
  integrity sha1-5LH513AdqHxWT/4zb4bc7oKYNJI=
  dependencies:
    "@ethersproject/bytes" "^5.5.0"
    js-sha3 "0.8.0"

"@ethersproject/logger@5.5.0", "@ethersproject/logger@^5.5.0":
  version "5.5.0"
  resolved "https://registry.npmmirror.com/@ethersproject/logger/download/@ethersproject/logger-5.5.0.tgz"
  integrity sha1-DCyuvv+Y4Qrvpa7yfXRBx/0Yz10=

"@ethersproject/networks@5.5.0", "@ethersproject/networks@^5.5.0":
  version "5.5.0"
  resolved "https://registry.npmmirror.com/@ethersproject/networks/download/@ethersproject/networks-5.5.0.tgz"
  integrity sha1-ur7EfKuJLFH43WUs5/Lj4UKDmBo=
  dependencies:
    "@ethersproject/logger" "^5.5.0"

"@ethersproject/pbkdf2@5.5.0", "@ethersproject/pbkdf2@^5.5.0":
  version "5.5.0"
  resolved "https://registry.npmmirror.com/@ethersproject/pbkdf2/download/@ethersproject/pbkdf2-5.5.0.tgz"
  integrity sha1-4lAyzfAvMVBdR6+/nD4ADZXEoFA=
  dependencies:
    "@ethersproject/bytes" "^5.5.0"
    "@ethersproject/sha2" "^5.5.0"

"@ethersproject/properties@5.5.0", "@ethersproject/properties@^5.5.0":
  version "5.5.0"
  resolved "https://registry.npmmirror.com/@ethersproject/properties/download/@ethersproject/properties-5.5.0.tgz"
  integrity sha1-YfAPK7gzdtIHG6qwIkX5IHDFmZU=
  dependencies:
    "@ethersproject/logger" "^5.5.0"

"@ethersproject/providers@5.5.0":
  version "5.5.0"
  resolved "https://registry.npmmirror.com/@ethersproject/providers/download/@ethersproject/providers-5.5.0.tgz"
  integrity sha1-vCh2qP5eAFPtmCix83Z65G5DdYs=
  dependencies:
    "@ethersproject/abstract-provider" "^5.5.0"
    "@ethersproject/abstract-signer" "^5.5.0"
    "@ethersproject/address" "^5.5.0"
    "@ethersproject/basex" "^5.5.0"
    "@ethersproject/bignumber" "^5.5.0"
    "@ethersproject/bytes" "^5.5.0"
    "@ethersproject/constants" "^5.5.0"
    "@ethersproject/hash" "^5.5.0"
    "@ethersproject/logger" "^5.5.0"
    "@ethersproject/networks" "^5.5.0"
    "@ethersproject/properties" "^5.5.0"
    "@ethersproject/random" "^5.5.0"
    "@ethersproject/rlp" "^5.5.0"
    "@ethersproject/sha2" "^5.5.0"
    "@ethersproject/strings" "^5.5.0"
    "@ethersproject/transactions" "^5.5.0"
    "@ethersproject/web" "^5.5.0"
    bech32 "1.1.4"
    ws "7.4.6"

"@ethersproject/random@5.5.0", "@ethersproject/random@^5.5.0":
  version "5.5.0"
  resolved "https://registry.npmmirror.com/@ethersproject/random/download/@ethersproject/random-5.5.0.tgz"
  integrity sha1-MF7Z4DPKU3c1NlrBLu2IWAsPgfk=
  dependencies:
    "@ethersproject/bytes" "^5.5.0"
    "@ethersproject/logger" "^5.5.0"

"@ethersproject/rlp@5.5.0", "@ethersproject/rlp@^5.5.0":
  version "5.5.0"
  resolved "https://registry.npmmirror.com/@ethersproject/rlp/download/@ethersproject/rlp-5.5.0.tgz"
  integrity sha1-Uw9PYI+cqdT4nCSrldtYq1armaA=
  dependencies:
    "@ethersproject/bytes" "^5.5.0"
    "@ethersproject/logger" "^5.5.0"

"@ethersproject/sha2@5.5.0", "@ethersproject/sha2@^5.5.0":
  version "5.5.0"
  resolved "https://registry.npmmirror.com/@ethersproject/sha2/download/@ethersproject/sha2-5.5.0.tgz"
  integrity sha1-pAoFTGH5j9nu6Zryw8xv9X7CTbc=
  dependencies:
    "@ethersproject/bytes" "^5.5.0"
    "@ethersproject/logger" "^5.5.0"
    hash.js "1.1.7"

"@ethersproject/signing-key@5.5.0", "@ethersproject/signing-key@^5.5.0":
  version "5.5.0"
  resolved "https://registry.npmmirror.com/@ethersproject/signing-key/download/@ethersproject/signing-key-5.5.0.tgz"
  integrity sha1-KqNxac5+AePoDywUMl9iTCnO2+A=
  dependencies:
    "@ethersproject/bytes" "^5.5.0"
    "@ethersproject/logger" "^5.5.0"
    "@ethersproject/properties" "^5.5.0"
    bn.js "^4.11.9"
    elliptic "6.5.4"
    hash.js "1.1.7"

"@ethersproject/solidity@5.5.0":
  version "5.5.0"
  resolved "https://registry.npmmirror.com/@ethersproject/solidity/download/@ethersproject/solidity-5.5.0.tgz"
  integrity sha1-JmLrPl2kcbhaIFMeQgBUJ4Ni+T8=
  dependencies:
    "@ethersproject/bignumber" "^5.5.0"
    "@ethersproject/bytes" "^5.5.0"
    "@ethersproject/keccak256" "^5.5.0"
    "@ethersproject/logger" "^5.5.0"
    "@ethersproject/sha2" "^5.5.0"
    "@ethersproject/strings" "^5.5.0"

"@ethersproject/strings@5.5.0", "@ethersproject/strings@^5.5.0":
  version "5.5.0"
  resolved "https://registry.npmmirror.com/@ethersproject/strings/download/@ethersproject/strings-5.5.0.tgz"
  integrity sha1-5nhNAOxsV3EHVWmQA7x0fpjF1Uk=
  dependencies:
    "@ethersproject/bytes" "^5.5.0"
    "@ethersproject/constants" "^5.5.0"
    "@ethersproject/logger" "^5.5.0"

"@ethersproject/transactions@5.5.0", "@ethersproject/transactions@^5.5.0":
  version "5.5.0"
  resolved "https://registry.npmmirror.com/@ethersproject/transactions/download/@ethersproject/transactions-5.5.0.tgz"
  integrity sha1-fpv3Lpe832nbNP4NWeL0IDx6KQg=
  dependencies:
    "@ethersproject/address" "^5.5.0"
    "@ethersproject/bignumber" "^5.5.0"
    "@ethersproject/bytes" "^5.5.0"
    "@ethersproject/constants" "^5.5.0"
    "@ethersproject/keccak256" "^5.5.0"
    "@ethersproject/logger" "^5.5.0"
    "@ethersproject/properties" "^5.5.0"
    "@ethersproject/rlp" "^5.5.0"
    "@ethersproject/signing-key" "^5.5.0"

"@ethersproject/units@5.5.0":
  version "5.5.0"
  resolved "https://registry.npmmirror.com/@ethersproject/units/download/@ethersproject/units-5.5.0.tgz"
  integrity sha1-EE0C21tdxCzGcsxFh7r7h6le5F4=
  dependencies:
    "@ethersproject/bignumber" "^5.5.0"
    "@ethersproject/constants" "^5.5.0"
    "@ethersproject/logger" "^5.5.0"

"@ethersproject/wallet@5.5.0":
  version "5.5.0"
  resolved "https://registry.npmmirror.com/@ethersproject/wallet/download/@ethersproject/wallet-5.5.0.tgz"
  integrity sha1-MioQUnpEDs5ZOYDcphgvF9VOrnU=
  dependencies:
    "@ethersproject/abstract-provider" "^5.5.0"
    "@ethersproject/abstract-signer" "^5.5.0"
    "@ethersproject/address" "^5.5.0"
    "@ethersproject/bignumber" "^5.5.0"
    "@ethersproject/bytes" "^5.5.0"
    "@ethersproject/hash" "^5.5.0"
    "@ethersproject/hdnode" "^5.5.0"
    "@ethersproject/json-wallets" "^5.5.0"
    "@ethersproject/keccak256" "^5.5.0"
    "@ethersproject/logger" "^5.5.0"
    "@ethersproject/properties" "^5.5.0"
    "@ethersproject/random" "^5.5.0"
    "@ethersproject/signing-key" "^5.5.0"
    "@ethersproject/transactions" "^5.5.0"
    "@ethersproject/wordlists" "^5.5.0"

"@ethersproject/web@5.5.0", "@ethersproject/web@^5.5.0":
  version "5.5.0"
  resolved "https://registry.npmmirror.com/@ethersproject/web/download/@ethersproject/web-5.5.0.tgz"
  integrity sha1-DluyGitY+0lgpwW/xlIqas9GHig=
  dependencies:
    "@ethersproject/base64" "^5.5.0"
    "@ethersproject/bytes" "^5.5.0"
    "@ethersproject/logger" "^5.5.0"
    "@ethersproject/properties" "^5.5.0"
    "@ethersproject/strings" "^5.5.0"

"@ethersproject/wordlists@5.5.0", "@ethersproject/wordlists@^5.5.0":
  version "5.5.0"
  resolved "https://registry.npmmirror.com/@ethersproject/wordlists/download/@ethersproject/wordlists-5.5.0.tgz"
  integrity sha1-qsdJY6pD5kNjjlFyNT2TGzR9WE8=
  dependencies:
    "@ethersproject/bytes" "^5.5.0"
    "@ethersproject/hash" "^5.5.0"
    "@ethersproject/logger" "^5.5.0"
    "@ethersproject/properties" "^5.5.0"
    "@ethersproject/strings" "^5.5.0"

"@types/node@^16.6.1":
  version "16.11.6"
  resolved "https://registry.npmmirror.com/@types/node/download/@types/node-16.11.6.tgz?cache=0&sync_timestamp=1635213425908&other_urls=https%3A%2F%2Fregistry.npmmirror.com%2F%40types%2Fnode%2Fdownload%2F%40types%2Fnode-16.11.6.tgz"
  integrity sha1-a+96KgrWhM9ukPz+Mc7KvZzgo64=

aes-js@3.0.0:
  version "3.0.0"
  resolved "https://registry.npm.taobao.org/aes-js/download/aes-js-3.0.0.tgz"
  integrity sha1-4h3xCtbCBTKVvLuNq0Cwnb6ofk0=

asynckit@^0.4.0:
  version "0.4.0"
  resolved "https://registry.npm.taobao.org/asynckit/download/asynckit-0.4.0.tgz"
  integrity sha1-x57Zf380y48robyXkLzDZkdLS3k=

axios@^0.25.0:
  version "0.25.0"
  resolved "https://registry.yarnpkg.com/axios/-/axios-0.25.0.tgz#349cfbb31331a9b4453190791760a8d35b093e0a"
  integrity sha512-cD8FOb0tRH3uuEe6+evtAbgJtfxr7ly3fQjYcMcuPlgkwVS9xboaVIpcDV+cYQe+yGykgwZCs1pzjntcGa6l5g==
  dependencies:
    follow-redirects "^1.14.7"

base64-js@^1.3.1:
  version "1.5.1"
  resolved "https://registry.nlark.com/base64-js/download/base64-js-1.5.1.tgz"
  integrity sha1-GxtEAWClv3rUC2UPCVljSBkDkwo=

bech32@1.1.4:
  version "1.1.4"
  resolved "https://registry.npm.taobao.org/bech32/download/bech32-1.1.4.tgz"
  integrity sha1-44yfN78Xm46xauOncrQMNW1IMuk=

bn.js@^4.11.9:
  version "4.12.0"
  resolved "https://registry.npm.taobao.org/bn.js/download/bn.js-4.12.0.tgz"
  integrity sha1-d1s/J477uXGO7HNh9IP7Nvu/6og=

brorand@^1.1.0:
  version "1.1.0"
  resolved "https://registry.npm.taobao.org/brorand/download/brorand-1.1.0.tgz"
  integrity sha1-EsJe/kCkXjwyPrhnWgoM5XsiNx8=

buffer@^6.0.3:
  version "6.0.3"
  resolved "https://registry.nlark.com/buffer/download/buffer-6.0.3.tgz"
  integrity sha1-Ks5XhFnMj74qcKqo9S7mO2p0xsY=
  dependencies:
    base64-js "^1.3.1"
    ieee754 "^1.2.1"

combined-stream@^1.0.8:
  version "1.0.8"
  resolved "https://registry.npm.taobao.org/combined-stream/download/combined-stream-1.0.8.tgz"
  integrity sha1-w9RaizT9cwYxoRCoolIGgrMdWn8=
  dependencies:
    delayed-stream "~1.0.0"

cross-fetch@^3.0.6:
  version "3.1.4"
  resolved "https://registry.npmmirror.com/cross-fetch/download/cross-fetch-3.1.4.tgz"
  integrity sha1-lyPzo6JHv4uJA586OAqSROj6Lzk=
  dependencies:
    node-fetch "2.6.1"

delayed-stream@~1.0.0:
  version "1.0.0"
  resolved "https://registry.npm.taobao.org/delayed-stream/download/delayed-stream-1.0.0.tgz"
  integrity sha1-3zrhmayt+31ECqrgsp4icrJOxhk=

elliptic@6.5.4:
  version "6.5.4"
  resolved "https://registry.npm.taobao.org/elliptic/download/elliptic-6.5.4.tgz"
  integrity sha1-2jfOvTHnmhNn6UG1ku0fvr1Yq7s=
  dependencies:
    bn.js "^4.11.9"
    brorand "^1.1.0"
    hash.js "^1.0.0"
    hmac-drbg "^1.0.1"
    inherits "^2.0.4"
    minimalistic-assert "^1.0.1"
    minimalistic-crypto-utils "^1.0.1"

esbuild-android-arm64@0.13.12:
  version "0.13.12"
  resolved "https://registry.npmmirror.com/esbuild-android-arm64/download/esbuild-android-arm64-0.13.12.tgz#e1f199dc05405cdc6670c00fb6c793822bf8ae4c"
  integrity sha1-4fGZ3AVAXNxmcMAPtseTgiv4rkw=

esbuild-darwin-64@0.13.12:
  version "0.13.12"
  resolved "https://registry.npmmirror.com/esbuild-darwin-64/download/esbuild-darwin-64-0.13.12.tgz"
  integrity sha1-9cWeYilVwB8FDlp6ycHUHbcUuU0=

esbuild-darwin-arm64@0.13.12:
  version "0.13.12"
  resolved "https://registry.npmmirror.com/esbuild-darwin-arm64/download/esbuild-darwin-arm64-0.13.12.tgz?cache=0&sync_timestamp=1637431923121&other_urls=https%3A%2F%2Fregistry.npmmirror.com%2Fesbuild-darwin-arm64%2Fdownload%2Fesbuild-darwin-arm64-0.13.12.tgz#8abae74c2956a8aa568fc52c78829338c4a4b988"
  integrity sha1-irrnTClWqKpWj8UseIKTOMSkuYg=

esbuild-freebsd-64@0.13.12:
  version "0.13.12"
  resolved "https://registry.npmmirror.com/esbuild-freebsd-64/download/esbuild-freebsd-64-0.13.12.tgz?cache=0&sync_timestamp=1637498589376&other_urls=https%3A%2F%2Fregistry.npmmirror.com%2Fesbuild-freebsd-64%2Fdownload%2Fesbuild-freebsd-64-0.13.12.tgz#6ad2ab8c0364ee7dd2d6e324d876a8e60ae75d12"
  integrity sha1-atKrjANk7n3S1uMk2Hao5grnXRI=

esbuild-freebsd-arm64@0.13.12:
  version "0.13.12"
  resolved "https://registry.npmmirror.com/esbuild-freebsd-arm64/download/esbuild-freebsd-arm64-0.13.12.tgz?cache=0&sync_timestamp=1637431918585&other_urls=https%3A%2F%2Fregistry.npmmirror.com%2Fesbuild-freebsd-arm64%2Fdownload%2Fesbuild-freebsd-arm64-0.13.12.tgz#6f38155f4c300ac4c8adde1fde3cc6a4440a8294"
  integrity sha1-bzgVX0wwCsTIrd4f3jzGpEQKgpQ=

esbuild-linux-32@0.13.12:
  version "0.13.12"
  resolved "https://registry.npmmirror.com/esbuild-linux-32/download/esbuild-linux-32-0.13.12.tgz?cache=0&sync_timestamp=1637431922206&other_urls=https%3A%2F%2Fregistry.npmmirror.com%2Fesbuild-linux-32%2Fdownload%2Fesbuild-linux-32-0.13.12.tgz#b1d15e330188a8c21de75c3f0058628a3eefade7"
  integrity sha1-sdFeMwGIqMId51w/AFhiij7vrec=

esbuild-linux-64@0.13.12:
  version "0.13.12"
  resolved "https://registry.npmmirror.com/esbuild-linux-64/download/esbuild-linux-64-0.13.12.tgz?cache=0&sync_timestamp=1637431921086&other_urls=https%3A%2F%2Fregistry.npmmirror.com%2Fesbuild-linux-64%2Fdownload%2Fesbuild-linux-64-0.13.12.tgz#25bd64b66162b02348e32d8f12e4c9ee61f1d070"
  integrity sha1-Jb1ktmFisCNI4y2PEuTJ7mHx0HA=

esbuild-linux-arm64@0.13.12:
  version "0.13.12"
  resolved "https://registry.npmmirror.com/esbuild-linux-arm64/download/esbuild-linux-arm64-0.13.12.tgz#ba582298457cc5c9ac823a275de117620c06537f"
  integrity sha1-ulgimEV8xcmsgjonXeEXYgwGU38=

esbuild-linux-arm@0.13.12:
  version "0.13.12"
  resolved "https://registry.npmmirror.com/esbuild-linux-arm/download/esbuild-linux-arm-0.13.12.tgz?cache=0&sync_timestamp=1637431919467&other_urls=https%3A%2F%2Fregistry.npmmirror.com%2Fesbuild-linux-arm%2Fdownload%2Fesbuild-linux-arm-0.13.12.tgz#6bc81c957bff22725688cc6359c29a25765be09b"
  integrity sha1-a8gclXv/InJWiMxjWcKaJXZb4Js=

esbuild-linux-mips64le@0.13.12:
  version "0.13.12"
  resolved "https://registry.npmmirror.com/esbuild-linux-mips64le/download/esbuild-linux-mips64le-0.13.12.tgz?cache=0&sync_timestamp=1637498771624&other_urls=https%3A%2F%2Fregistry.npmmirror.com%2Fesbuild-linux-mips64le%2Fdownload%2Fesbuild-linux-mips64le-0.13.12.tgz#ef3c4aba3e585d847cbade5945a8b4a5c62c7ce2"
  integrity sha1-7zxKuj5YXYR8ut5ZRai0pcYsfOI=

esbuild-linux-ppc64le@0.13.12:
  version "0.13.12"
  resolved "https://registry.npmmirror.com/esbuild-linux-ppc64le/download/esbuild-linux-ppc64le-0.13.12.tgz?cache=0&sync_timestamp=1637462734786&other_urls=https%3A%2F%2Fregistry.npmmirror.com%2Fesbuild-linux-ppc64le%2Fdownload%2Fesbuild-linux-ppc64le-0.13.12.tgz#a21fb64e80c38bef06122e48283990fc6db578e1"
  integrity sha1-oh+2ToDDi+8GEi5IKDmQ/G21eOE=

esbuild-netbsd-64@0.13.12:
  version "0.13.12"
  resolved "https://registry.npmmirror.com/esbuild-netbsd-64/download/esbuild-netbsd-64-0.13.12.tgz?cache=0&sync_timestamp=1637431917956&other_urls=https%3A%2F%2Fregistry.npmmirror.com%2Fesbuild-netbsd-64%2Fdownload%2Fesbuild-netbsd-64-0.13.12.tgz#1ea7fc8cfce88a20a4047b867ef184049a6641ae"
  integrity sha1-Hqf8jPzoiiCkBHuGfvGEBJpmQa4=

esbuild-openbsd-64@0.13.12:
  version "0.13.12"
  resolved "https://registry.npmmirror.com/esbuild-openbsd-64/download/esbuild-openbsd-64-0.13.12.tgz?cache=0&sync_timestamp=1637462735411&other_urls=https%3A%2F%2Fregistry.npmmirror.com%2Fesbuild-openbsd-64%2Fdownload%2Fesbuild-openbsd-64-0.13.12.tgz#adde32f2f1b05dc4bd4fc544d6ea5a4379f9ca4d"
  integrity sha1-rd4y8vGwXcS9T8VE1upaQ3n5yk0=

esbuild-sunos-64@0.13.12:
  version "0.13.12"
  resolved "https://registry.npmmirror.com/esbuild-sunos-64/download/esbuild-sunos-64-0.13.12.tgz?cache=0&sync_timestamp=1637498772126&other_urls=https%3A%2F%2Fregistry.npmmirror.com%2Fesbuild-sunos-64%2Fdownload%2Fesbuild-sunos-64-0.13.12.tgz#a7ecaf52b7364fbee76dc8aa707fa3e1cff3342c"
  integrity sha1-p+yvUrc2T77nbciqcH+j4c/zNCw=

esbuild-windows-32@0.13.12:
  version "0.13.12"
  resolved "https://registry.npmmirror.com/esbuild-windows-32/download/esbuild-windows-32-0.13.12.tgz?cache=0&sync_timestamp=1637431920040&other_urls=https%3A%2F%2Fregistry.npmmirror.com%2Fesbuild-windows-32%2Fdownload%2Fesbuild-windows-32-0.13.12.tgz#a8756033dc905c4b7bea19be69f7ee68809f8770"
  integrity sha1-qHVgM9yQXEt76hm+affuaICfh3A=

esbuild-windows-64@0.13.12:
  version "0.13.12"
  resolved "https://registry.npmmirror.com/esbuild-windows-64/download/esbuild-windows-64-0.13.12.tgz?cache=0&sync_timestamp=1637462733698&other_urls=https%3A%2F%2Fregistry.npmmirror.com%2Fesbuild-windows-64%2Fdownload%2Fesbuild-windows-64-0.13.12.tgz#ae694aa66ca078acb8509b2da31197ed1f40f798"
  integrity sha1-rmlKpmygeKy4UJstoxGX7R9A95g=

esbuild-windows-arm64@0.13.12:
  version "0.13.12"
  resolved "https://registry.npmmirror.com/esbuild-windows-arm64/download/esbuild-windows-arm64-0.13.12.tgz?cache=0&sync_timestamp=1637431916993&other_urls=https%3A%2F%2Fregistry.npmmirror.com%2Fesbuild-windows-arm64%2Fdownload%2Fesbuild-windows-arm64-0.13.12.tgz#782c5a8bd6d717ea55aaafe648f9926ca36a4a88"
  integrity sha1-eCxai9bXF+pVqq/mSPmSbKNqSog=

esbuild@^0.13.2:
  version "0.13.12"
  resolved "https://registry.npmmirror.com/esbuild/download/esbuild-0.13.12.tgz"
  integrity sha1-nKxkFZS/A880FFJYwJPXQ+u958o=
  optionalDependencies:
    esbuild-android-arm64 "0.13.12"
    esbuild-darwin-64 "0.13.12"
    esbuild-darwin-arm64 "0.13.12"
    esbuild-freebsd-64 "0.13.12"
    esbuild-freebsd-arm64 "0.13.12"
    esbuild-linux-32 "0.13.12"
    esbuild-linux-64 "0.13.12"
    esbuild-linux-arm "0.13.12"
    esbuild-linux-arm64 "0.13.12"
    esbuild-linux-mips64le "0.13.12"
    esbuild-linux-ppc64le "0.13.12"
    esbuild-netbsd-64 "0.13.12"
    esbuild-openbsd-64 "0.13.12"
    esbuild-sunos-64 "0.13.12"
    esbuild-windows-32 "0.13.12"
    esbuild-windows-64 "0.13.12"
    esbuild-windows-arm64 "0.13.12"

ethers@^5.4.7:
  version "5.5.1"
  resolved "https://registry.npmmirror.com/ethers/download/ethers-5.5.1.tgz"
  integrity sha1-0yWalaQlV4RKpUOQbFNxBsBAb78=
  dependencies:
    "@ethersproject/abi" "5.5.0"
    "@ethersproject/abstract-provider" "5.5.1"
    "@ethersproject/abstract-signer" "5.5.0"
    "@ethersproject/address" "5.5.0"
    "@ethersproject/base64" "5.5.0"
    "@ethersproject/basex" "5.5.0"
    "@ethersproject/bignumber" "5.5.0"
    "@ethersproject/bytes" "5.5.0"
    "@ethersproject/constants" "5.5.0"
    "@ethersproject/contracts" "5.5.0"
    "@ethersproject/hash" "5.5.0"
    "@ethersproject/hdnode" "5.5.0"
    "@ethersproject/json-wallets" "5.5.0"
    "@ethersproject/keccak256" "5.5.0"
    "@ethersproject/logger" "5.5.0"
    "@ethersproject/networks" "5.5.0"
    "@ethersproject/pbkdf2" "5.5.0"
    "@ethersproject/properties" "5.5.0"
    "@ethersproject/providers" "5.5.0"
    "@ethersproject/random" "5.5.0"
    "@ethersproject/rlp" "5.5.0"
    "@ethersproject/sha2" "5.5.0"
    "@ethersproject/signing-key" "5.5.0"
    "@ethersproject/solidity" "5.5.0"
    "@ethersproject/strings" "5.5.0"
    "@ethersproject/transactions" "5.5.0"
    "@ethersproject/units" "5.5.0"
    "@ethersproject/wallet" "5.5.0"
    "@ethersproject/web" "5.5.0"
    "@ethersproject/wordlists" "5.5.0"

extract-files@^9.0.0:
  version "9.0.0"
  resolved "https://registry.nlark.com/extract-files/download/extract-files-9.0.0.tgz"
  integrity sha1-indE8kN/gfXtMlDtnxVQ3pAv5Uo=

follow-redirects@^1.14.7:
  version "1.14.7"
  resolved "https://registry.yarnpkg.com/follow-redirects/-/follow-redirects-1.14.7.tgz#2004c02eb9436eee9a21446a6477debf17e81685"
  integrity sha512-+hbxoLbFMbRKDwohX8GkTataGqO6Jb7jGwpAlwgy2bIz25XtRm7KEzJM76R1WiNT5SwZkX4Y75SwBolkpmE7iQ==

form-data@^3.0.0:
  version "3.0.1"
  resolved "https://registry.npm.taobao.org/form-data/download/form-data-3.0.1.tgz"
  integrity sha1-69U3kbeDVqma+aMA1CgsTV65dV8=
  dependencies:
    asynckit "^0.4.0"
    combined-stream "^1.0.8"
    mime-types "^2.1.12"

fsevents@~2.3.2:
  version "2.3.2"
  resolved "https://registry.nlark.com/fsevents/download/fsevents-2.3.2.tgz"
  integrity sha1-ilJveLj99GI7cJ4Ll1xSwkwC/Ro=

function-bind@^1.1.1:
  version "1.1.1"
  resolved "https://registry.npm.taobao.org/function-bind/download/function-bind-1.1.1.tgz"
  integrity sha1-pWiZ0+o8m6uHS7l3O3xe3pL0iV0=

graphql-request@^3.6.1:
  version "3.6.1"
  resolved "https://registry.npmmirror.com/graphql-request/download/graphql-request-3.6.1.tgz"
  integrity sha1-aJzOHamQExtAsFZR+fMr/1BqHY4=
  dependencies:
    cross-fetch "^3.0.6"
    extract-files "^9.0.0"
    form-data "^3.0.0"

graphql@^15.7.2:
  version "15.7.2"
  resolved "https://registry.npmmirror.com/graphql/download/graphql-15.7.2.tgz"
  integrity sha1-hasO64NyKXcVGz/rTWMbXyqyh+8=

has@^1.0.3:
  version "1.0.3"
  resolved "https://registry.npm.taobao.org/has/download/has-1.0.3.tgz"
  integrity sha1-ci18v8H2qoJB8W3YFOAR4fQeh5Y=
  dependencies:
    function-bind "^1.1.1"

hash.js@1.1.7, hash.js@^1.0.0, hash.js@^1.0.3:
  version "1.1.7"
  resolved "https://registry.npm.taobao.org/hash.js/download/hash.js-1.1.7.tgz"
  integrity sha1-C6vKU46NTuSg+JiNaIZlN6ADz0I=
  dependencies:
    inherits "^2.0.3"
    minimalistic-assert "^1.0.1"

hmac-drbg@^1.0.1:
  version "1.0.1"
  resolved "https://registry.npm.taobao.org/hmac-drbg/download/hmac-drbg-1.0.1.tgz"
  integrity sha1-0nRXAQJabHdabFRXk+1QL8DGSaE=
  dependencies:
    hash.js "^1.0.3"
    minimalistic-assert "^1.0.0"
    minimalistic-crypto-utils "^1.0.1"

ieee754@^1.2.1:
  version "1.2.1"
  resolved "https://registry.nlark.com/ieee754/download/ieee754-1.2.1.tgz"
  integrity sha1-jrehCmP/8l0VpXsAFYbRd9Gw01I=

inherits@^2.0.3, inherits@^2.0.4:
  version "2.0.4"
  resolved "https://registry.npm.taobao.org/inherits/download/inherits-2.0.4.tgz"
  integrity sha1-D6LGT5MpF8NDOg3tVTY6rjdBa3w=

is-core-module@^2.2.0:
  version "2.8.0"
  resolved "https://registry.npmmirror.com/is-core-module/download/is-core-module-2.8.0.tgz"
  integrity sha1-AyEzbD0JJeSX/Zf12VyxFKXM1Ug=
  dependencies:
    has "^1.0.3"

js-sha3@0.8.0, js-sha3@^0.8.0:
  version "0.8.0"
  resolved "https://registry.npm.taobao.org/js-sha3/download/js-sha3-0.8.0.tgz"
  integrity sha1-ubel2nOvrX3t0PjEY5VMveaBiEA=

mime-db@1.51.0:
  version "1.51.0"
  resolved "https://registry.npmmirror.com/mime-db/download/mime-db-1.51.0.tgz"
  integrity sha512-5y8A56jg7XVQx2mbv1lu49NR4dokRnhZYTtL+KGfaa27uq4pSTXkwQkFJl4pkRMyNFz/EtYDSkiiEHx3F7UN6g==

mime-types@^2.1.12:
  version "2.1.34"
  resolved "https://registry.npmmirror.com/mime-types/download/mime-types-2.1.34.tgz?cache=0&sync_timestamp=1636432311385&other_urls=https%3A%2F%2Fregistry.npmmirror.com%2Fmime-types%2Fdownload%2Fmime-types-2.1.34.tgz"
  integrity sha512-6cP692WwGIs9XXdOO4++N+7qjqv0rqxxVvJ3VHPh/Sc9mVZcQP+ZGhkKiTvWMQRr2tbHkJP/Yn7Y0npb3ZBs4A==
  dependencies:
    mime-db "1.51.0"

minimalistic-assert@^1.0.0, minimalistic-assert@^1.0.1:
  version "1.0.1"
  resolved "https://registry.npm.taobao.org/minimalistic-assert/download/minimalistic-assert-1.0.1.tgz"
  integrity sha1-LhlN4ERibUoQ5/f7wAznPoPk1cc=

minimalistic-crypto-utils@^1.0.1:
  version "1.0.1"
  resolved "https://registry.npm.taobao.org/minimalistic-crypto-utils/download/minimalistic-crypto-utils-1.0.1.tgz"
  integrity sha1-9sAMHAsIIkblxNmd+4x8CDsrWCo=

nanoid@^3.1.30:
  version "3.1.30"
  resolved "https://registry.npmmirror.com/nanoid/download/nanoid-3.1.30.tgz"
  integrity sha1-Y/k8xUjSoRPcXfvGO/oJ4rm2Q2I=

node-fetch@2.6.1:
  version "2.6.1"
  resolved "https://registry.npmmirror.com/node-fetch/download/node-fetch-2.6.1.tgz"
  integrity sha1-BFvTI2Mfdu0uK1VXM5RBa2OaAFI=

path-parse@^1.0.6:
  version "1.0.7"
  resolved "https://registry.nlark.com/path-parse/download/path-parse-1.0.7.tgz"
  integrity sha1-+8EUtgykKzDZ2vWFjkvWi77bZzU=

picocolors@^1.0.0:
  version "1.0.0"
  resolved "https://registry.npmmirror.com/picocolors/download/picocolors-1.0.0.tgz"
  integrity sha1-y1vcdP8/UYkiNur3nWi8RFZKuBw=

pns-sdk@^0.7.6:
  version "0.7.6"
  resolved "https://registry.yarnpkg.com/pns-sdk/-/pns-sdk-0.7.6.tgz#981ac5589590680156b92a059231f5084d0ccb04"
  integrity sha512-fLHRF+rRWFp8B4k8a67hjeR5a3Koby0YqIR0HagI3INi8yIAB6zx8DseZcEA8MFxGkFha6eZ3FExWGwWpsM0FQ==
  dependencies:
    axios "^0.25.0"
    buffer "^6.0.3"
    ethers "^5.4.7"
    graphql "^15.7.2"
    graphql-request "^3.6.1"
    js-sha3 "^0.8.0"
    ws ">=7.4.6"

postcss@^8.3.8:
  version "8.3.11"
  resolved "https://registry.npmmirror.com/postcss/download/postcss-8.3.11.tgz"
  integrity sha1-w77KfqgRzV4cSj7G0udZnvH4+Fg=
  dependencies:
    nanoid "^3.1.30"
    picocolors "^1.0.0"
    source-map-js "^0.6.2"

prettier@^2.4.1:
  version "2.4.1"
  resolved "https://registry.nlark.com/prettier/download/prettier-2.4.1.tgz?cache=0&other_urls=https%3A%2F%2Fregistry.nlark.com%2Fprettier%2Fdownload%2Fprettier-2.4.1.tgz"
  integrity sha1-Zx4RyJwUpM/Ids5WQQbEpnJsn1w=

resolve@^1.20.0:
  version "1.20.0"
  resolved "https://registry.nlark.com/resolve/download/resolve-1.20.0.tgz"
  integrity sha1-YpoBP7P3B1XW8LeTXMHCxTeLGXU=
  dependencies:
    is-core-module "^2.2.0"
    path-parse "^1.0.6"

rollup@^2.57.0:
  version "2.59.0"
  resolved "https://registry.npmmirror.com/rollup/download/rollup-2.59.0.tgz?cache=0&sync_timestamp=1635764831122&other_urls=https%3A%2F%2Fregistry.npmmirror.com%2Frollup%2Fdownload%2Frollup-2.59.0.tgz"
  integrity sha1-EIxhsPoKN+vI0fFk8oFiIFbw21k=
  optionalDependencies:
    fsevents "~2.3.2"

scrypt-js@3.0.1:
  version "3.0.1"
  resolved "https://registry.npm.taobao.org/scrypt-js/download/scrypt-js-3.0.1.tgz"
  integrity sha1-0xSlfCrvadGtmKE4oh/p6vqe4xI=

source-map-js@^0.6.2:
  version "0.6.2"
  resolved "https://registry.npmmirror.com/source-map-js/download/source-map-js-0.6.2.tgz"
  integrity sha1-C7XeYxtBz72mz7qL0FqA79/SOF4=

typescript@^4.4.4:
  version "4.4.4"
  resolved "https://registry.npmmirror.com/typescript/download/typescript-4.4.4.tgz?cache=0&sync_timestamp=1636097464019&other_urls=https%3A%2F%2Fregistry.npmmirror.com%2Ftypescript%2Fdownload%2Ftypescript-4.4.4.tgz"
  integrity sha1-LNAaGh8WBwTTEB/VpY/w+fy4Aww=

vite@^2.6.0:
  version "2.6.13"
  resolved "https://registry.npmmirror.com/vite/download/vite-2.6.13.tgz"
  integrity sha1-FrPshaZtW0YawpqQOHTUNX+a9DI=
  dependencies:
    esbuild "^0.13.2"
    postcss "^8.3.8"
    resolve "^1.20.0"
    rollup "^2.57.0"
  optionalDependencies:
    fsevents "~2.3.2"

ws@7.4.6:
  version "7.4.6"
  resolved "https://registry.npmmirror.com/ws/download/ws-7.4.6.tgz?cache=0&sync_timestamp=1633200307778&other_urls=https%3A%2F%2Fregistry.npmmirror.com%2Fws%2Fdownload%2Fws-7.4.6.tgz"
  integrity sha1-VlTKjs3u5HwzqaS/bSjivimAN3w=

ws@>=7.4.6:
  version "8.2.3"
  resolved "https://registry.npmmirror.com/ws/download/ws-8.2.3.tgz?cache=0&sync_timestamp=1633200307778&other_urls=https%3A%2F%2Fregistry.npmmirror.com%2Fws%2Fdownload%2Fws-8.2.3.tgz"
  integrity sha1-Y6VkVtsbBDZ9C3IaC4DK5ti+y7o=
